
Microsoft Visual Studio Solution File, Format Version 12.00
# Visual Studio Version 16
VisualStudioVersion = 16.0.29519.87
MinimumVisualStudioVersion = 10.0.40219.1
Project("{2150E333-8FDC-42A3-9474-1A3956D46DE8}") = "Server", "Server", "{24682B1F-8769-46A4-AD48-DF83FAD105AF}"
EndProject
Project("{2150E333-8FDC-42A3-9474-1A3956D46DE8}") = "Requests", "Requests", "{BD3AC8C9-71E6-43F4-89E5-0126C4AA0F18}"
EndProject
Project("{2150E333-8FDC-42A3-9474-1A3956D46DE8}") = "Core", "Core", "{38C2D13C-289A-446A-A1B3-9C8448CCD9D8}"
EndProject
Project("{2150E333-8FDC-42A3-9474-1A3956D46DE8}") = "Client", "Client", "{E1D423FB-E876-404A-B429-BCAF4D82841F}"
EndProject
Project("{9A19103F-16F7-4668-BE54-9A1E7A4F7556}") = "Maestro.Client", "Client\Maestro.Client\Maestro.Client.csproj", "{010C9288-E510-42EA-A605-EB13109E0D58}"
EndProject
Project("{2150E333-8FDC-42A3-9474-1A3956D46DE8}") = "Identity", "Identity", "{AFFF2999-F1CB-4A15-B06F-41A5F0298279}"
EndProject
Project("{9A19103F-16F7-4668-BE54-9A1E7A4F7556}") = "Maestro.Identity", "Server\Identity\Maestro.Identity\Maestro.Identity.csproj", "{8921287F-DD89-4C12-9E72-5148D86643A7}"
EndProject
Project("{9A19103F-16F7-4668-BE54-9A1E7A4F7556}") = "Server.Core", "Server\Server.Core\Server.Core.csproj", "{DE3F90A3-DCC1-4F67-88CD-953773AD46D2}"
EndProject
Project("{2150E333-8FDC-42A3-9474-1A3956D46DE8}") = "Core", "Core", "{1F002A81-1B51-4B68-A927-6C19304848E5}"
EndProject
Project("{9A19103F-16F7-4668-BE54-9A1E7A4F7556}") = "Maestro.Core", "Core\Maestro.Core\Maestro.Core.csproj", "{853705BA-F48C-42E1-A627-22EDFC09B43C}"
EndProject
Project("{9A19103F-16F7-4668-BE54-9A1E7A4F7556}") = "Maestro.Requests", "Server\Requests\Maestro.Requests\Maestro.Requests.csproj", "{4F9B12F8-8AB7-49FC-8E12-C7567FF775D6}"
EndProject
Project("{9A19103F-16F7-4668-BE54-9A1E7A4F7556}") = "Maestro.Employees", "Server\Employees\Maestro.Employees\Maestro.Employees.csproj", "{077DB94E-008A-49AF-9FE1-C000A88D5963}"
EndProject
Project("{2150E333-8FDC-42A3-9474-1A3956D46DE8}") = "Employees", "Employees", "{29257510-A7E2-4DB7-B7D0-2478CD2D9ED2}"
EndProject
Project("{9A19103F-16F7-4668-BE54-9A1E7A4F7556}") = "Maestro.Employees.Gateway", "Server\Employees\Maestro.Employees.Gateway\Maestro.Employees.Gateway.csproj", "{F3A45E1F-8427-4ABC-8ED2-064B8D5EF9ED}"
EndProject
Global
	GlobalSection(SolutionConfigurationPlatforms) = preSolution
		Debug|Any CPU = Debug|Any CPU
		Release|Any CPU = Release|Any CPU
	EndGlobalSection
	GlobalSection(ProjectConfigurationPlatforms) = postSolution
		{010C9288-E510-42EA-A605-EB13109E0D58}.Debug|Any CPU.ActiveCfg = Debug|Any CPU
		{010C9288-E510-42EA-A605-EB13109E0D58}.Debug|Any CPU.Build.0 = Debug|Any CPU
		{010C9288-E510-42EA-A605-EB13109E0D58}.Release|Any CPU.ActiveCfg = Release|Any CPU
		{010C9288-E510-42EA-A605-EB13109E0D58}.Release|Any CPU.Build.0 = Release|Any CPU
		{8921287F-DD89-4C12-9E72-5148D86643A7}.Debug|Any CPU.ActiveCfg = Debug|Any CPU
		{8921287F-DD89-4C12-9E72-5148D86643A7}.Debug|Any CPU.Build.0 = Debug|Any CPU
		{8921287F-DD89-4C12-9E72-5148D86643A7}.Release|Any CPU.ActiveCfg = Release|Any CPU
		{8921287F-DD89-4C12-9E72-5148D86643A7}.Release|Any CPU.Build.0 = Release|Any CPU
		{DE3F90A3-DCC1-4F67-88CD-953773AD46D2}.Debug|Any CPU.ActiveCfg = Debug|Any CPU
		{DE3F90A3-DCC1-4F67-88CD-953773AD46D2}.Debug|Any CPU.Build.0 = Debug|Any CPU
		{DE3F90A3-DCC1-4F67-88CD-953773AD46D2}.Release|Any CPU.ActiveCfg = Release|Any CPU
		{DE3F90A3-DCC1-4F67-88CD-953773AD46D2}.Release|Any CPU.Build.0 = Release|Any CPU
		{853705BA-F48C-42E1-A627-22EDFC09B43C}.Debug|Any CPU.ActiveCfg = Debug|Any CPU
		{853705BA-F48C-42E1-A627-22EDFC09B43C}.Debug|Any CPU.Build.0 = Debug|Any CPU
		{853705BA-F48C-42E1-A627-22EDFC09B43C}.Release|Any CPU.ActiveCfg = Release|Any CPU
		{853705BA-F48C-42E1-A627-22EDFC09B43C}.Release|Any CPU.Build.0 = Release|Any CPU
		{4F9B12F8-8AB7-49FC-8E12-C7567FF775D6}.Debug|Any CPU.ActiveCfg = Debug|Any CPU
		{4F9B12F8-8AB7-49FC-8E12-C7567FF775D6}.Debug|Any CPU.Build.0 = Debug|Any CPU
		{4F9B12F8-8AB7-49FC-8E12-C7567FF775D6}.Release|Any CPU.ActiveCfg = Release|Any CPU
		{4F9B12F8-8AB7-49FC-8E12-C7567FF775D6}.Release|Any CPU.Build.0 = Release|Any CPU
		{077DB94E-008A-49AF-9FE1-C000A88D5963}.Debug|Any CPU.ActiveCfg = Debug|Any CPU
		{077DB94E-008A-49AF-9FE1-C000A88D5963}.Debug|Any CPU.Build.0 = Debug|Any CPU
		{077DB94E-008A-49AF-9FE1-C000A88D5963}.Release|Any CPU.ActiveCfg = Release|Any CPU
		{077DB94E-008A-49AF-9FE1-C000A88D5963}.Release|Any CPU.Build.0 = Release|Any CPU
		{F3A45E1F-8427-4ABC-8ED2-064B8D5EF9ED}.Debug|Any CPU.ActiveCfg = Debug|Any CPU
		{F3A45E1F-8427-4ABC-8ED2-064B8D5EF9ED}.Debug|Any CPU.Build.0 = Debug|Any CPU
		{F3A45E1F-8427-4ABC-8ED2-064B8D5EF9ED}.Release|Any CPU.ActiveCfg = Release|Any CPU
		{F3A45E1F-8427-4ABC-8ED2-064B8D5EF9ED}.Release|Any CPU.Build.0 = Release|Any CPU
	EndGlobalSection
	GlobalSection(SolutionProperties) = preSolution
		HideSolutionNode = FALSE
	EndGlobalSection
	GlobalSection(NestedProjects) = preSolution
		{BD3AC8C9-71E6-43F4-89E5-0126C4AA0F18} = {24682B1F-8769-46A4-AD48-DF83FAD105AF}
		{38C2D13C-289A-446A-A1B3-9C8448CCD9D8} = {24682B1F-8769-46A4-AD48-DF83FAD105AF}
		{010C9288-E510-42EA-A605-EB13109E0D58} = {E1D423FB-E876-404A-B429-BCAF4D82841F}
		{AFFF2999-F1CB-4A15-B06F-41A5F0298279} = {24682B1F-8769-46A4-AD48-DF83FAD105AF}
		{8921287F-DD89-4C12-9E72-5148D86643A7} = {AFFF2999-F1CB-4A15-B06F-41A5F0298279}
		{DE3F90A3-DCC1-4F67-88CD-953773AD46D2} = {38C2D13C-289A-446A-A1B3-9C8448CCD9D8}
		{853705BA-F48C-42E1-A627-22EDFC09B43C} = {1F002A81-1B51-4B68-A927-6C19304848E5}
		{4F9B12F8-8AB7-49FC-8E12-C7567FF775D6} = {BD3AC8C9-71E6-43F4-89E5-0126C4AA0F18}
		{077DB94E-008A-49AF-9FE1-C000A88D5963} = {29257510-A7E2-4DB7-B7D0-2478CD2D9ED2}
		{29257510-A7E2-4DB7-B7D0-2478CD2D9ED2} = {24682B1F-8769-46A4-AD48-DF83FAD105AF}
		{F3A45E1F-8427-4ABC-8ED2-064B8D5EF9ED} = {29257510-A7E2-4DB7-B7D0-2478CD2D9ED2}
	EndGlobalSection
	GlobalSection(ExtensibilityGlobals) = postSolution
		SolutionGuid = {401DA4EE-7D0E-42A1-88C4-60F8A28BE457}
	EndGlobalSection
EndGlobal
